
Microsoft Visual Studio Solution File, Format Version 12.00
# Visual Studio Version 17
VisualStudioVersion = 17.0.31903.59
MinimumVisualStudioVersion = 10.0.40219.1
Project("{FAE04EC0-301F-11D3-BF4B-00C04F79EFBC}") = "GuiasMadeira.Domain", "src\GuiasMadeira.Domain\GuiasMadeira.Domain.csproj", "{1F8A4C0B-BC74-4D0D-BB0A-4CC3C5B8A111}"
EndProject
Project("{FAE04EC0-301F-11D3-BF4B-00C04F79EFBC}") = "GuiasMadeira.Infrastructure", "src\GuiasMadeira.Infrastructure\GuiasMadeira.Infrastructure.csproj", "{4F40C9F0-4C12-4D2A-9D6F-5A9F0F7F2222}"
EndProject
Project("{FAE04EC0-301F-11D3-BF4B-00C04F79EFBC}") = "GuiasMadeira.Pdf", "src\GuiasMadeira.Pdf\GuiasMadeira.Pdf.csproj", "{B46A2F67-7BC1-4FAE-84EC-7A1E5E9B3333}"
EndProject
Project("{FAE04EC0-301F-11D3-BF4B-00C04F79EFBC}") = "GuiasMadeira.Desktop", "src\GuiasMadeira.Desktop\GuiasMadeira.Desktop.csproj", "{C0B5D889-5ACD-4F73-AF0F-1B8F6F844444}"
EndProject
Global
	GlobalSection(SolutionConfigurationPlatforms) = preSolution
		Debug|Any CPU = Debug|Any CPU
		Release|Any CPU = Release|Any CPU
	EndGlobalSection
	GlobalSection(ProjectConfigurationPlatforms) = postSolution
		{1F8A4C0B-BC74-4D0D-BB0A-4CC3C5B8A111}.Debug|Any CPU.ActiveCfg = Debug|Any CPU
		{1F8A4C0B-BC74-4D0D-BB0A-4CC3C5B8A111}.Debug|Any CPU.Build.0 = Debug|Any CPU
		{1F8A4C0B-BC74-4D0D-BB0A-4CC3C5B8A111}.Release|Any CPU.ActiveCfg = Release|Any CPU
		{1F8A4C0B-BC74-4D0D-BB0A-4CC3C5B8A111}.Release|Any CPU.Build.0 = Release|Any CPU
		{4F40C9F0-4C12-4D2A-9D6F-5A9F0F7F2222}.Debug|Any CPU.ActiveCfg = Debug|Any CPU
		{4F40C9F0-4C12-4D2A-9D6F-5A9F0F7F2222}.Debug|Any CPU.Build.0 = Debug|Any CPU
		{4F40C9F0-4C12-4D2A-9D6F-5A9F0F7F2222}.Release|Any CPU.ActiveCfg = Release|Any CPU
		{4F40C9F0-4C12-4D2A-9D6F-5A9F0F7F2222}.Release|Any CPU.Build.0 = Release|Any CPU
		{B46A2F67-7BC1-4FAE-84EC-7A1E5E9B3333}.Debug|Any CPU.ActiveCfg = Debug|Any CPU
		{B46A2F67-7BC1-4FAE-84EC-7A1E5E9B3333}.Debug|Any CPU.Build.0 = Debug|Any CPU
		{B46A2F67-7BC1-4FAE-84EC-7A1E5E9B3333}.Release|Any CPU.ActiveCfg = Release|Any CPU
		{B46A2F67-7BC1-4FAE-84EC-7A1E5E9B3333}.Release|Any CPU.Build.0 = Release|Any CPU
		{C0B5D889-5ACD-4F73-AF0F-1B8F6F844444}.Debug|Any CPU.ActiveCfg = Debug|Any CPU
		{C0B5D889-5ACD-4F73-AF0F-1B8F6F844444}.Debug|Any CPU.Build.0 = Debug|Any CPU
		{C0B5D889-5ACD-4F73-AF0F-1B8F6F844444}.Release|Any CPU.ActiveCfg = Release|Any CPU
		{C0B5D889-5ACD-4F73-AF0F-1B8F6F844444}.Release|Any CPU.Build.0 = Release|Any CPU
	EndGlobalSection
	GlobalSection(SolutionProperties) = preSolution
		HideSolutionNode = FALSE
	EndGlobalSection
EndGlobal
